<?xml version="1.0" encoding="utf-8"?>
<Project ToolsVersion="4.0" xmlns="http://schemas.microsoft.com/developer/msbuild/2003">
  <ItemGroup>
    <Filter Include="ChappyEngine">
      <UniqueIdentifier>{00E2783C-EC44-08E1-95CA-4097810CD463}</UniqueIdentifier>
    </Filter>
    <Filter Include="ChappyEngine\Events">
      <UniqueIdentifier>{E44DDC6E-50AF-B97C-D91C-002F457DF03B}</UniqueIdentifier>
    </Filter>
    <Filter Include="ChappyEngine\Platform">
      <UniqueIdentifier>{545E45B3-C0CA-00AE-89BE-980BF5E92216}</UniqueIdentifier>
    </Filter>
    <Filter Include="ChappyEngine\Platform\Windows">
      <UniqueIdentifier>{8E1CA698-FA34-8DC2-C3E1-1C5C2FB9215C}</UniqueIdentifier>
    </Filter>
  </ItemGroup>
  <ItemGroup>
    <ClInclude Include="src\ChappyEngine.h" />
    <ClInclude Include="src\ChappyEngine\Application.h">
      <Filter>ChappyEngine</Filter>
    </ClInclude>
    <ClInclude Include="src\ChappyEngine\Core.h">
      <Filter>ChappyEngine</Filter>
    </ClInclude>
    <ClInclude Include="src\ChappyEngine\EntryPoint.h">
      <Filter>ChappyEngine</Filter>
    </ClInclude>
    <ClInclude Include="src\ChappyEngine\Events\ApplicationEvent.h">
      <Filter>ChappyEngine\Events</Filter>
    </ClInclude>
    <ClInclude Include="src\ChappyEngine\Events\Event.h">
      <Filter>ChappyEngine\Events</Filter>
    </ClInclude>
    <ClInclude Include="src\ChappyEngine\Events\KeyEvent.h">
      <Filter>ChappyEngine\Events</Filter>
    </ClInclude>
    <ClInclude Include="src\ChappyEngine\Events\MouseEvent.h">
      <Filter>ChappyEngine\Events</Filter>
    </ClInclude>
    <ClInclude Include="src\ChappyEngine\Log.h">
      <Filter>ChappyEngine</Filter>
    </ClInclude>
    <ClInclude Include="src\ChappyEngine\Platform\Windows\WindowsWindow.h">
      <Filter>ChappyEngine\Platform\Windows</Filter>
    </ClInclude>
    <ClInclude Include="src\ChappyEngine\Window.h">
      <Filter>ChappyEngine</Filter>
    </ClInclude>
    <ClInclude Include="src\cepch.h" />
  </ItemGroup>
  <ItemGroup>
    <ClCompile Include="src\ChappyEngine\Application.cpp">
      <Filter>ChappyEngine</Filter>
    </ClCompile>
    <ClCompile Include="src\ChappyEngine\Log.cpp">
      <Filter>ChappyEngine</Filter>
    </ClCompile>
    <ClCompile Include="src\ChappyEngine\Platform\Windows\WindowsWindow.cpp">
      <Filter>ChappyEngine\Platform\Windows</Filter>
    </ClCompile>
    <ClCompile Include="src\cepch.cpp" />
  </ItemGroup>
</Project>