<?xml version="1.0" encoding="utf-8"?>
<Project ToolsVersion="4.0" xmlns="http://schemas.microsoft.com/developer/msbuild/2003">
  <ItemGroup>
    <Filter Include="ChappyEngine">
      <UniqueIdentifier>{00E2783C-EC44-08E1-95CA-4097810CD463}</UniqueIdentifier>
    </Filter>
  </ItemGroup>
  <ItemGroup>
    <ClInclude Include="src\ChappyEngine.h" />
    <ClInclude Include="src\ChappyEngine\Application.h">
      <Filter>ChappyEngine</Filter>
    </ClInclude>
    <ClInclude Include="src\ChappyEngine\Core.h">
      <Filter>ChappyEngine</Filter>
    </ClInclude>
    <ClInclude Include="src\ChappyEngine\EntryPoint.h">
      <Filter>ChappyEngine</Filter>
    </ClInclude>
    <ClInclude Include="src\ChappyEngine\Log.h">
      <Filter>ChappyEngine</Filter>
    </ClInclude>
  </ItemGroup>
  <ItemGroup>
    <ClCompile Include="src\ChappyEngine\Application.cpp">
      <Filter>ChappyEngine</Filter>
    </ClCompile>
    <ClCompile Include="src\ChappyEngine\Log.cpp">
      <Filter>ChappyEngine</Filter>
    </ClCompile>
  </ItemGroup>
</Project>